schema: '2.0'
stages:
  collect:
    cmd: python src/collect.py
    deps:
    - path: params.yaml
      hash: md5
      md5: 5b62333de421260faca1d341fadc15c2
      size: 196
    - path: src/collect.py
      hash: md5
      md5: 9d4d7ba76a14030e8d5937726ea74eea
      size: 1038
    outs:
    - path: data/raw/
      hash: md5
      md5: e32f39f7ec04eb23d3f19999f3ae23dd.dir
      size: 292407
      nfiles: 2
  preprocess:
    cmd: python src/preprocess.py
    deps:
    - path: data/raw/
      hash: md5
      md5: e32f39f7ec04eb23d3f19999f3ae23dd.dir
      size: 292407
      nfiles: 2
    - path: params.yaml
      hash: md5
      md5: 5b62333de421260faca1d341fadc15c2
      size: 196
    - path: src/preprocess.py
      hash: md5
      md5: 4fe95a58cd41c7fdf65635dcfbc83f53
      size: 1165
    outs:
    - path: data/processed/
      hash: md5
      md5: 916fd0a3ec702bb1e608fb9414485c3f.dir
      size: 21326848
      nfiles: 8
    - path: models/scaler_technopark.pkl
      hash: md5
      md5: d264b0198fc9ebf8523629a3c4952ae0
      size: 1207
    - path: models/scaler_thampanoor.pkl
      hash: md5
      md5: c7ad1bd99c73ae9c1ff288000f4e4c9d
      size: 1207
  train:
    cmd: python src/train.py
    deps:
    - path: data/processed/
      hash: md5
      md5: 916fd0a3ec702bb1e608fb9414485c3f.dir
      size: 21326848
      nfiles: 8
    - path: params.yaml
      hash: md5
      md5: 5b62333de421260faca1d341fadc15c2
      size: 196
    - path: src/train.py
      hash: md5
      md5: b9d3bf27bbc14d3edfd1e3814f7f4af9
      size: 1130
    outs:
    - path: metrics.json
      hash: md5
      md5: 4b048f6ab837b9355f94f89ebdd5dc60
      size: 90
    - path: models/technopark_model.pkl
      hash: md5
      md5: c217fe6f321c3395c54a4e48b1dda6f9
      size: 39378217
    - path: models/thampanoor_model.pkl
      hash: md5
      md5: f7d2037f6bd83bcf7dd3e3c8f55ca7c6
      size: 39402281
    - path: version.json
      hash: md5
      md5: 7565f14671f861cd59744cf329038c07
      size: 165
