schema: '2.0'
stages:
  collect:
    cmd: python src/collect.py
    deps:
    - path: params.yaml
      hash: md5
      md5: 5b62333de421260faca1d341fadc15c2
      size: 196
    - path: src/collect.py
      hash: md5
      md5: 9d4d7ba76a14030e8d5937726ea74eea
      size: 1038
    outs:
    - path: data/raw/
      hash: md5
      md5: 056e87f1941c9614d290c9bdec6ed547.dir
      size: 289091
      nfiles: 2
  preprocess:
    cmd: python src/preprocess.py
    deps:
    - path: data/raw/
      hash: md5
      md5: 056e87f1941c9614d290c9bdec6ed547.dir
      size: 289091
      nfiles: 2
    - path: params.yaml
      hash: md5
      md5: 5b62333de421260faca1d341fadc15c2
      size: 196
    - path: src/preprocess.py
      hash: md5
      md5: 4fe95a58cd41c7fdf65635dcfbc83f53
      size: 1165
    outs:
    - path: data/processed/
      hash: md5
      md5: ffb7644ca34c2435199cb91f687ecef7.dir
      size: 21326848
      nfiles: 8
    - path: models/scaler_technopark.pkl
      hash: md5
      md5: 4671a934bb156e2d637c9184f081ed5c
      size: 1207
    - path: models/scaler_thampanoor.pkl
      hash: md5
      md5: 9071d34b94f63acce18ee9ed8da17614
      size: 1207
  train:
    cmd: python src/train.py
    deps:
    - path: data/processed/
      hash: md5
      md5: ffb7644ca34c2435199cb91f687ecef7.dir
      size: 21326848
      nfiles: 8
    - path: params.yaml
      hash: md5
      md5: 5b62333de421260faca1d341fadc15c2
      size: 196
    - path: src/train.py
      hash: md5
      md5: b9d3bf27bbc14d3edfd1e3814f7f4af9
      size: 1130
    outs:
    - path: metrics.json
      hash: md5
      md5: 1028fa509f3c944507f70d4d74441bfd
      size: 90
    - path: models/technopark_model.pkl
      hash: md5
      md5: e6e82aac34560360284a2e0f6118a2c7
      size: 38742825
    - path: models/thampanoor_model.pkl
      hash: md5
      md5: 5200766e80e797f7208b2a7854e6904f
      size: 36618537
    - path: version.json
      hash: md5
      md5: 7708fe79edf67e41976729d1a03afd81
      size: 165
