schema: '2.0'
stages:
  collect:
    cmd: python src/collect.py
    deps:
    - path: params.yaml
      hash: md5
      md5: 5b62333de421260faca1d341fadc15c2
      size: 196
    - path: src/collect.py
      hash: md5
      md5: 9d4d7ba76a14030e8d5937726ea74eea
      size: 1038
    outs:
    - path: data/raw/
      hash: md5
      md5: 395bea4e61b1489d18c9f530cd77d4cd.dir
      size: 289257
      nfiles: 2
  preprocess:
    cmd: python src/preprocess.py
    deps:
    - path: data/raw/
      hash: md5
      md5: 395bea4e61b1489d18c9f530cd77d4cd.dir
      size: 289257
      nfiles: 2
    - path: params.yaml
      hash: md5
      md5: 5b62333de421260faca1d341fadc15c2
      size: 196
    - path: src/preprocess.py
      hash: md5
      md5: 4fe95a58cd41c7fdf65635dcfbc83f53
      size: 1165
    outs:
    - path: data/processed/
      hash: md5
      md5: b44ac0ee743cf02c49caa9eae10cc243.dir
      size: 21326848
      nfiles: 8
    - path: models/scaler_technopark.pkl
      hash: md5
      md5: ec25c214449c47a25b8adab22a341828
      size: 1207
    - path: models/scaler_thampanoor.pkl
      hash: md5
      md5: 02a2ccf6fb12e686972c41b0b2212d7f
      size: 1207
  train:
    cmd: python src/train.py
    deps:
    - path: data/processed/
      hash: md5
      md5: b44ac0ee743cf02c49caa9eae10cc243.dir
      size: 21326848
      nfiles: 8
    - path: params.yaml
      hash: md5
      md5: 5b62333de421260faca1d341fadc15c2
      size: 196
    - path: src/train.py
      hash: md5
      md5: b9d3bf27bbc14d3edfd1e3814f7f4af9
      size: 1130
    outs:
    - path: metrics.json
      hash: md5
      md5: 273c57d66478126e147fdde35466a0ec
      size: 89
    - path: models/technopark_model.pkl
      hash: md5
      md5: 50fcbbeb32e5e2cfabb97a7747f4863d
      size: 39161129
    - path: models/thampanoor_model.pkl
      hash: md5
      md5: 60589e15af201e143d2bc23cd71572b3
      size: 37461801
    - path: version.json
      hash: md5
      md5: e7d2cfc1e4cb0426334deaad28734292
      size: 164
